
Microsoft Visual Studio Solution File, Format Version 12.00
# Visual Studio Version 17
VisualStudioVersion = 17.0.31903.59
MinimumVisualStudioVersion = 10.0.40219.1
Project("{2150E333-8FDC-42A3-9474-1A3956D46DE8}") = "Day08-Classes-And-Objects", "Day08-Classes-And-Objects", "{1723A75D-C314-9913-65A9-44C9F1DABC36}"
EndProject
Project("{2150E333-8FDC-42A3-9474-1A3956D46DE8}") = "Day08-Complete", "Day08-Complete", "{447A4273-6FFB-1EAA-3C81-B1171348156D}"
EndProject
Project("{FAE04EC0-301F-11D3-BF4B-00C04F79EFBC}") = "Day08.Complete", "Day08-Classes-And-Objects\Day08-Complete\Day08.Complete.csproj", "{E74AE8F3-5FAE-4AE1-BC02-CBD1C9FBF227}"
EndProject
Project("{2150E333-8FDC-42A3-9474-1A3956D46DE8}") = "Day09-Interfaces-And-Abstraction", "Day09-Interfaces-And-Abstraction", "{59EDF443-C056-C548-2769-4D1F9D511138}"
EndProject
Project("{2150E333-8FDC-42A3-9474-1A3956D46DE8}") = "Day09-Complete", "Day09-Complete", "{C1073C8D-37B4-5477-15BF-FBFF179B8422}"
EndProject
Project("{FAE04EC0-301F-11D3-BF4B-00C04F79EFBC}") = "Day09.Complete", "Day09-Interfaces-And-Abstraction\Day09-Complete\Day09.Complete.csproj", "{CC373A24-14C0-48F2-99A4-AF713AED9E14}"
EndProject
Project("{2150E333-8FDC-42A3-9474-1A3956D46DE8}") = "Day10-Inheritance-And-Polymorphism", "Day10-Inheritance-And-Polymorphism", "{101A501E-A026-D717-FE96-041565B24357}"
EndProject
Project("{2150E333-8FDC-42A3-9474-1A3956D46DE8}") = "Day10-Complete", "Day10-Complete", "{9B89A82F-AFE3-1707-6075-A290BF2BEB6F}"
EndProject
Project("{FAE04EC0-301F-11D3-BF4B-00C04F79EFBC}") = "Day10.Complete", "Day10-Inheritance-And-Polymorphism\Day10-Complete\Day10.Complete.csproj", "{789CF461-FFDD-46A9-86E8-78565C2F24F3}"
EndProject
Project("{2150E333-8FDC-42A3-9474-1A3956D46DE8}") = "Day11-Error-Handling", "Day11-Error-Handling", "{742AECC3-856E-5C5B-CAED-297FCAAA7232}"
EndProject
Project("{2150E333-8FDC-42A3-9474-1A3956D46DE8}") = "Day11-Complete", "Day11-Complete", "{F7FA40BF-298F-8E52-5ED1-66CC2F535CC5}"
EndProject
Project("{FAE04EC0-301F-11D3-BF4B-00C04F79EFBC}") = "Day11.Complete", "Day11-Error-Handling\Day11-Complete\Day11.Complete.csproj", "{D1C3BE50-3BF3-4E52-8FDE-B0B22245E999}"
EndProject
Project("{2150E333-8FDC-42A3-9474-1A3956D46DE8}") = "Day12-Async-And-Await", "Day12-Async-And-Await", "{BB082A74-5E18-CDCC-A2AE-031C7D581427}"
EndProject
Project("{2150E333-8FDC-42A3-9474-1A3956D46DE8}") = "Day12-Complete", "Day12-Complete", "{C8ECB321-057C-1361-6E5D-08B4CBE77009}"
EndProject
Project("{FAE04EC0-301F-11D3-BF4B-00C04F79EFBC}") = "Day12.Complete", "Day12-Async-And-Await\Day12-Complete\Day12.Complete.csproj", "{DF818CBA-4596-4EB0-B3AA-6127AE3E0388}"
EndProject
Project("{2150E333-8FDC-42A3-9474-1A3956D46DE8}") = "Day13-IO-And-JSON", "Day13-IO-And-JSON", "{46E03EED-72DE-E1BF-3082-292FE3CDFE46}"
EndProject
Project("{2150E333-8FDC-42A3-9474-1A3956D46DE8}") = "Day13-Complete", "Day13-Complete", "{D07B7E8C-2FF6-FB97-3791-8E7EBF12F85F}"
EndProject
Project("{FAE04EC0-301F-11D3-BF4B-00C04F79EFBC}") = "Day13.Complete", "Day13-IO-And-JSON\Day13-Complete\Day13.Complete.csproj", "{A5AFCC9D-D779-4777-BF04-28E91709446B}"
EndProject
Project("{2150E333-8FDC-42A3-9474-1A3956D46DE8}") = "Day14-Service-Simulation-Project", "Day14-Service-Simulation-Project", "{A28D3F29-5A2D-5569-9B59-7936EC3CB4A7}"
EndProject
Project("{2150E333-8FDC-42A3-9474-1A3956D46DE8}") = "Day14-Complete", "Day14-Complete", "{C49760D5-B66E-2A51-50CD-1F70DD746207}"
EndProject
Project("{FAE04EC0-301F-11D3-BF4B-00C04F79EFBC}") = "Day14.Complete", "Day14-Service-Simulation-Project\Day14-Complete\Day14.Complete.csproj", "{9E3B3B43-EBB1-457E-9692-734968F3BFAB}"
EndProject
Global
	GlobalSection(SolutionConfigurationPlatforms) = preSolution
		Debug|Any CPU = Debug|Any CPU
		Debug|x64 = Debug|x64
		Debug|x86 = Debug|x86
		Release|Any CPU = Release|Any CPU
		Release|x64 = Release|x64
		Release|x86 = Release|x86
	EndGlobalSection
	GlobalSection(ProjectConfigurationPlatforms) = postSolution
		{E74AE8F3-5FAE-4AE1-BC02-CBD1C9FBF227}.Debug|Any CPU.ActiveCfg = Debug|Any CPU
		{E74AE8F3-5FAE-4AE1-BC02-CBD1C9FBF227}.Debug|Any CPU.Build.0 = Debug|Any CPU
		{E74AE8F3-5FAE-4AE1-BC02-CBD1C9FBF227}.Debug|x64.ActiveCfg = Debug|Any CPU
		{E74AE8F3-5FAE-4AE1-BC02-CBD1C9FBF227}.Debug|x64.Build.0 = Debug|Any CPU
		{E74AE8F3-5FAE-4AE1-BC02-CBD1C9FBF227}.Debug|x86.ActiveCfg = Debug|Any CPU
		{E74AE8F3-5FAE-4AE1-BC02-CBD1C9FBF227}.Debug|x86.Build.0 = Debug|Any CPU
		{E74AE8F3-5FAE-4AE1-BC02-CBD1C9FBF227}.Release|Any CPU.ActiveCfg = Release|Any CPU
		{E74AE8F3-5FAE-4AE1-BC02-CBD1C9FBF227}.Release|Any CPU.Build.0 = Release|Any CPU
		{E74AE8F3-5FAE-4AE1-BC02-CBD1C9FBF227}.Release|x64.ActiveCfg = Release|Any CPU
		{E74AE8F3-5FAE-4AE1-BC02-CBD1C9FBF227}.Release|x64.Build.0 = Release|Any CPU
		{E74AE8F3-5FAE-4AE1-BC02-CBD1C9FBF227}.Release|x86.ActiveCfg = Release|Any CPU
		{E74AE8F3-5FAE-4AE1-BC02-CBD1C9FBF227}.Release|x86.Build.0 = Release|Any CPU
		{CC373A24-14C0-48F2-99A4-AF713AED9E14}.Debug|Any CPU.ActiveCfg = Debug|Any CPU
		{CC373A24-14C0-48F2-99A4-AF713AED9E14}.Debug|Any CPU.Build.0 = Debug|Any CPU
		{CC373A24-14C0-48F2-99A4-AF713AED9E14}.Debug|x64.ActiveCfg = Debug|Any CPU
		{CC373A24-14C0-48F2-99A4-AF713AED9E14}.Debug|x64.Build.0 = Debug|Any CPU
		{CC373A24-14C0-48F2-99A4-AF713AED9E14}.Debug|x86.ActiveCfg = Debug|Any CPU
		{CC373A24-14C0-48F2-99A4-AF713AED9E14}.Debug|x86.Build.0 = Debug|Any CPU
		{CC373A24-14C0-48F2-99A4-AF713AED9E14}.Release|Any CPU.ActiveCfg = Release|Any CPU
		{CC373A24-14C0-48F2-99A4-AF713AED9E14}.Release|Any CPU.Build.0 = Release|Any CPU
		{CC373A24-14C0-48F2-99A4-AF713AED9E14}.Release|x64.ActiveCfg = Release|Any CPU
		{CC373A24-14C0-48F2-99A4-AF713AED9E14}.Release|x64.Build.0 = Release|Any CPU
		{CC373A24-14C0-48F2-99A4-AF713AED9E14}.Release|x86.ActiveCfg = Release|Any CPU
		{CC373A24-14C0-48F2-99A4-AF713AED9E14}.Release|x86.Build.0 = Release|Any CPU
		{789CF461-FFDD-46A9-86E8-78565C2F24F3}.Debug|Any CPU.ActiveCfg = Debug|Any CPU
		{789CF461-FFDD-46A9-86E8-78565C2F24F3}.Debug|Any CPU.Build.0 = Debug|Any CPU
		{789CF461-FFDD-46A9-86E8-78565C2F24F3}.Debug|x64.ActiveCfg = Debug|Any CPU
		{789CF461-FFDD-46A9-86E8-78565C2F24F3}.Debug|x64.Build.0 = Debug|Any CPU
		{789CF461-FFDD-46A9-86E8-78565C2F24F3}.Debug|x86.ActiveCfg = Debug|Any CPU
		{789CF461-FFDD-46A9-86E8-78565C2F24F3}.Debug|x86.Build.0 = Debug|Any CPU
		{789CF461-FFDD-46A9-86E8-78565C2F24F3}.Release|Any CPU.ActiveCfg = Release|Any CPU
		{789CF461-FFDD-46A9-86E8-78565C2F24F3}.Release|Any CPU.Build.0 = Release|Any CPU
		{789CF461-FFDD-46A9-86E8-78565C2F24F3}.Release|x64.ActiveCfg = Release|Any CPU
		{789CF461-FFDD-46A9-86E8-78565C2F24F3}.Release|x64.Build.0 = Release|Any CPU
		{789CF461-FFDD-46A9-86E8-78565C2F24F3}.Release|x86.ActiveCfg = Release|Any CPU
		{789CF461-FFDD-46A9-86E8-78565C2F24F3}.Release|x86.Build.0 = Release|Any CPU
		{D1C3BE50-3BF3-4E52-8FDE-B0B22245E999}.Debug|Any CPU.ActiveCfg = Debug|Any CPU
		{D1C3BE50-3BF3-4E52-8FDE-B0B22245E999}.Debug|Any CPU.Build.0 = Debug|Any CPU
		{D1C3BE50-3BF3-4E52-8FDE-B0B22245E999}.Debug|x64.ActiveCfg = Debug|Any CPU
		{D1C3BE50-3BF3-4E52-8FDE-B0B22245E999}.Debug|x64.Build.0 = Debug|Any CPU
		{D1C3BE50-3BF3-4E52-8FDE-B0B22245E999}.Debug|x86.ActiveCfg = Debug|Any CPU
		{D1C3BE50-3BF3-4E52-8FDE-B0B22245E999}.Debug|x86.Build.0 = Debug|Any CPU
		{D1C3BE50-3BF3-4E52-8FDE-B0B22245E999}.Release|Any CPU.ActiveCfg = Release|Any CPU
		{D1C3BE50-3BF3-4E52-8FDE-B0B22245E999}.Release|Any CPU.Build.0 = Release|Any CPU
		{D1C3BE50-3BF3-4E52-8FDE-B0B22245E999}.Release|x64.ActiveCfg = Release|Any CPU
		{D1C3BE50-3BF3-4E52-8FDE-B0B22245E999}.Release|x64.Build.0 = Release|Any CPU
		{D1C3BE50-3BF3-4E52-8FDE-B0B22245E999}.Release|x86.ActiveCfg = Release|Any CPU
		{D1C3BE50-3BF3-4E52-8FDE-B0B22245E999}.Release|x86.Build.0 = Release|Any CPU
		{DF818CBA-4596-4EB0-B3AA-6127AE3E0388}.Debug|Any CPU.ActiveCfg = Debug|Any CPU
		{DF818CBA-4596-4EB0-B3AA-6127AE3E0388}.Debug|Any CPU.Build.0 = Debug|Any CPU
		{DF818CBA-4596-4EB0-B3AA-6127AE3E0388}.Debug|x64.ActiveCfg = Debug|Any CPU
		{DF818CBA-4596-4EB0-B3AA-6127AE3E0388}.Debug|x64.Build.0 = Debug|Any CPU
		{DF818CBA-4596-4EB0-B3AA-6127AE3E0388}.Debug|x86.ActiveCfg = Debug|Any CPU
		{DF818CBA-4596-4EB0-B3AA-6127AE3E0388}.Debug|x86.Build.0 = Debug|Any CPU
		{DF818CBA-4596-4EB0-B3AA-6127AE3E0388}.Release|Any CPU.ActiveCfg = Release|Any CPU
		{DF818CBA-4596-4EB0-B3AA-6127AE3E0388}.Release|Any CPU.Build.0 = Release|Any CPU
		{DF818CBA-4596-4EB0-B3AA-6127AE3E0388}.Release|x64.ActiveCfg = Release|Any CPU
		{DF818CBA-4596-4EB0-B3AA-6127AE3E0388}.Release|x64.Build.0 = Release|Any CPU
		{DF818CBA-4596-4EB0-B3AA-6127AE3E0388}.Release|x86.ActiveCfg = Release|Any CPU
		{DF818CBA-4596-4EB0-B3AA-6127AE3E0388}.Release|x86.Build.0 = Release|Any CPU
		{A5AFCC9D-D779-4777-BF04-28E91709446B}.Debug|Any CPU.ActiveCfg = Debug|Any CPU
		{A5AFCC9D-D779-4777-BF04-28E91709446B}.Debug|Any CPU.Build.0 = Debug|Any CPU
		{A5AFCC9D-D779-4777-BF04-28E91709446B}.Debug|x64.ActiveCfg = Debug|Any CPU
		{A5AFCC9D-D779-4777-BF04-28E91709446B}.Debug|x64.Build.0 = Debug|Any CPU
		{A5AFCC9D-D779-4777-BF04-28E91709446B}.Debug|x86.ActiveCfg = Debug|Any CPU
		{A5AFCC9D-D779-4777-BF04-28E91709446B}.Debug|x86.Build.0 = Debug|Any CPU
		{A5AFCC9D-D779-4777-BF04-28E91709446B}.Release|Any CPU.ActiveCfg = Release|Any CPU
		{A5AFCC9D-D779-4777-BF04-28E91709446B}.Release|Any CPU.Build.0 = Release|Any CPU
		{A5AFCC9D-D779-4777-BF04-28E91709446B}.Release|x64.ActiveCfg = Release|Any CPU
		{A5AFCC9D-D779-4777-BF04-28E91709446B}.Release|x64.Build.0 = Release|Any CPU
		{A5AFCC9D-D779-4777-BF04-28E91709446B}.Release|x86.ActiveCfg = Release|Any CPU
		{A5AFCC9D-D779-4777-BF04-28E91709446B}.Release|x86.Build.0 = Release|Any CPU
		{9E3B3B43-EBB1-457E-9692-734968F3BFAB}.Debug|Any CPU.ActiveCfg = Debug|Any CPU
		{9E3B3B43-EBB1-457E-9692-734968F3BFAB}.Debug|Any CPU.Build.0 = Debug|Any CPU
		{9E3B3B43-EBB1-457E-9692-734968F3BFAB}.Debug|x64.ActiveCfg = Debug|Any CPU
		{9E3B3B43-EBB1-457E-9692-734968F3BFAB}.Debug|x64.Build.0 = Debug|Any CPU
		{9E3B3B43-EBB1-457E-9692-734968F3BFAB}.Debug|x86.ActiveCfg = Debug|Any CPU
		{9E3B3B43-EBB1-457E-9692-734968F3BFAB}.Debug|x86.Build.0 = Debug|Any CPU
		{9E3B3B43-EBB1-457E-9692-734968F3BFAB}.Release|Any CPU.ActiveCfg = Release|Any CPU
		{9E3B3B43-EBB1-457E-9692-734968F3BFAB}.Release|Any CPU.Build.0 = Release|Any CPU
		{9E3B3B43-EBB1-457E-9692-734968F3BFAB}.Release|x64.ActiveCfg = Release|Any CPU
		{9E3B3B43-EBB1-457E-9692-734968F3BFAB}.Release|x64.Build.0 = Release|Any CPU
		{9E3B3B43-EBB1-457E-9692-734968F3BFAB}.Release|x86.ActiveCfg = Release|Any CPU
		{9E3B3B43-EBB1-457E-9692-734968F3BFAB}.Release|x86.Build.0 = Release|Any CPU
	EndGlobalSection
	GlobalSection(SolutionProperties) = preSolution
		HideSolutionNode = FALSE
	EndGlobalSection
	GlobalSection(NestedProjects) = preSolution
		{447A4273-6FFB-1EAA-3C81-B1171348156D} = {1723A75D-C314-9913-65A9-44C9F1DABC36}
		{E74AE8F3-5FAE-4AE1-BC02-CBD1C9FBF227} = {447A4273-6FFB-1EAA-3C81-B1171348156D}
		{C1073C8D-37B4-5477-15BF-FBFF179B8422} = {59EDF443-C056-C548-2769-4D1F9D511138}
		{CC373A24-14C0-48F2-99A4-AF713AED9E14} = {C1073C8D-37B4-5477-15BF-FBFF179B8422}
		{9B89A82F-AFE3-1707-6075-A290BF2BEB6F} = {101A501E-A026-D717-FE96-041565B24357}
		{789CF461-FFDD-46A9-86E8-78565C2F24F3} = {9B89A82F-AFE3-1707-6075-A290BF2BEB6F}
		{F7FA40BF-298F-8E52-5ED1-66CC2F535CC5} = {742AECC3-856E-5C5B-CAED-297FCAAA7232}
		{D1C3BE50-3BF3-4E52-8FDE-B0B22245E999} = {F7FA40BF-298F-8E52-5ED1-66CC2F535CC5}
		{C8ECB321-057C-1361-6E5D-08B4CBE77009} = {BB082A74-5E18-CDCC-A2AE-031C7D581427}
		{DF818CBA-4596-4EB0-B3AA-6127AE3E0388} = {C8ECB321-057C-1361-6E5D-08B4CBE77009}
		{D07B7E8C-2FF6-FB97-3791-8E7EBF12F85F} = {46E03EED-72DE-E1BF-3082-292FE3CDFE46}
		{A5AFCC9D-D779-4777-BF04-28E91709446B} = {D07B7E8C-2FF6-FB97-3791-8E7EBF12F85F}
		{C49760D5-B66E-2A51-50CD-1F70DD746207} = {A28D3F29-5A2D-5569-9B59-7936EC3CB4A7}
		{9E3B3B43-EBB1-457E-9692-734968F3BFAB} = {C49760D5-B66E-2A51-50CD-1F70DD746207}
	EndGlobalSection
EndGlobal
