
Microsoft Visual Studio Solution File, Format Version 12.00
# Visual Studio Version 17
VisualStudioVersion = 17.0.31903.59
MinimumVisualStudioVersion = 10.0.40219.1
Project("{2150E333-8FDC-42A3-9474-1A3956D46DE8}") = "Day22-EF-Core-Basics", "Day22-EF-Core-Basics", "{432E254A-C50C-B701-E8EF-9BE0DEA9CE26}"
EndProject
Project("{2150E333-8FDC-42A3-9474-1A3956D46DE8}") = "Day22-Complete", "Day22-Complete", "{C9C7EB82-5ABF-D919-D18E-045D40059E2A}"
EndProject
Project("{FAE04EC0-301F-11D3-BF4B-00C04F79EFBC}") = "Day22.Complete", "Day22-EF-Core-Basics\Day22-Complete\Day22.Complete.csproj", "{ED98874B-049B-4D9E-936F-36D29D58BF61}"
EndProject
Project("{2150E333-8FDC-42A3-9474-1A3956D46DE8}") = "Day23-EF-Core-Advanced", "Day23-EF-Core-Advanced", "{665C8DCB-9509-2301-C01E-495FDF1B2A92}"
EndProject
Project("{2150E333-8FDC-42A3-9474-1A3956D46DE8}") = "Day23-Complete", "Day23-Complete", "{97A50395-3227-D4AE-BB37-78C06DA183DC}"
EndProject
Project("{FAE04EC0-301F-11D3-BF4B-00C04F79EFBC}") = "Day23.Complete", "Day23-EF-Core-Advanced\Day23-Complete\Day23.Complete.csproj", "{D41E50F2-1D56-493B-A28C-CBD6E8F3859D}"
EndProject
Project("{2150E333-8FDC-42A3-9474-1A3956D46DE8}") = "Day24-Unit-Testing", "Day24-Unit-Testing", "{81516B02-DD64-5BD0-5EC8-FEA5190F4EFA}"
EndProject
Project("{2150E333-8FDC-42A3-9474-1A3956D46DE8}") = "Day24-Complete", "Day24-Complete", "{F4E8E230-9CB4-FE63-3A7B-CD95CB034E5F}"
EndProject
Project("{FAE04EC0-301F-11D3-BF4B-00C04F79EFBC}") = "Day24.Complete", "Day24-Unit-Testing\Day24-Complete\Day24.Complete.csproj", "{4315D435-22ED-4BC3-B5F4-19BC2B686E2F}"
EndProject
Project("{2150E333-8FDC-42A3-9474-1A3956D46DE8}") = "Day25-Blazor-Components", "Day25-Blazor-Components", "{A2BE3F7C-961A-F6E2-C745-C7D8AEE6B919}"
EndProject
Project("{2150E333-8FDC-42A3-9474-1A3956D46DE8}") = "Day25-Complete", "Day25-Complete", "{86F6229C-F5E3-F28D-DB15-5286C3887230}"
EndProject
Project("{FAE04EC0-301F-11D3-BF4B-00C04F79EFBC}") = "Day25.Complete", "Day25-Blazor-Components\Day25-Complete\Day25.Complete.csproj", "{3D84477D-E3C4-4DEE-8B4F-C80ADD3036B0}"
EndProject
Project("{2150E333-8FDC-42A3-9474-1A3956D46DE8}") = "Day26-API-Integration", "Day26-API-Integration", "{29D78DFB-3E1E-3EAD-2FE6-30ADB91BB357}"
EndProject
Project("{2150E333-8FDC-42A3-9474-1A3956D46DE8}") = "Day26-Complete", "Day26-Complete", "{4E351690-D4C3-311C-1C14-8BE21BE3CFA5}"
EndProject
Project("{FAE04EC0-301F-11D3-BF4B-00C04F79EFBC}") = "Day26.Complete", "Day26-API-Integration\Day26-Complete\Day26.Complete.csproj", "{D1AD8B95-54D5-452B-B885-11373E00F529}"
EndProject
Project("{2150E333-8FDC-42A3-9474-1A3956D46DE8}") = "Day27-Authentication", "Day27-Authentication", "{DC2A485B-16DB-85E8-7B26-61E6AA58B6DD}"
EndProject
Project("{2150E333-8FDC-42A3-9474-1A3956D46DE8}") = "Day27-Complete", "Day27-Complete", "{F20C5985-6142-C7AD-4409-60433D07C149}"
EndProject
Project("{FAE04EC0-301F-11D3-BF4B-00C04F79EFBC}") = "Day27.Complete", "Day27-Authentication\Day27-Complete\Day27.Complete.csproj", "{9B92540F-4EE2-492E-B4F8-CD22DCCC92E7}"
EndProject
Project("{2150E333-8FDC-42A3-9474-1A3956D46DE8}") = "Day28-Deployment", "Day28-Deployment", "{26149CBD-BC72-B485-7845-8F04734E0F73}"
EndProject
Project("{2150E333-8FDC-42A3-9474-1A3956D46DE8}") = "Day28-Complete", "Day28-Complete", "{13824527-4139-2932-D72B-8CFC07A0F844}"
EndProject
Project("{FAE04EC0-301F-11D3-BF4B-00C04F79EFBC}") = "Day28.Complete", "Day28-Deployment\Day28-Complete\Day28.Complete.csproj", "{F6C16CC6-17F4-4093-8E32-E8FFAC5AD3F1}"
EndProject
Global
	GlobalSection(SolutionConfigurationPlatforms) = preSolution
		Debug|Any CPU = Debug|Any CPU
		Debug|x64 = Debug|x64
		Debug|x86 = Debug|x86
		Release|Any CPU = Release|Any CPU
		Release|x64 = Release|x64
		Release|x86 = Release|x86
	EndGlobalSection
	GlobalSection(ProjectConfigurationPlatforms) = postSolution
		{ED98874B-049B-4D9E-936F-36D29D58BF61}.Debug|Any CPU.ActiveCfg = Debug|Any CPU
		{ED98874B-049B-4D9E-936F-36D29D58BF61}.Debug|Any CPU.Build.0 = Debug|Any CPU
		{ED98874B-049B-4D9E-936F-36D29D58BF61}.Debug|x64.ActiveCfg = Debug|Any CPU
		{ED98874B-049B-4D9E-936F-36D29D58BF61}.Debug|x64.Build.0 = Debug|Any CPU
		{ED98874B-049B-4D9E-936F-36D29D58BF61}.Debug|x86.ActiveCfg = Debug|Any CPU
		{ED98874B-049B-4D9E-936F-36D29D58BF61}.Debug|x86.Build.0 = Debug|Any CPU
		{ED98874B-049B-4D9E-936F-36D29D58BF61}.Release|Any CPU.ActiveCfg = Release|Any CPU
		{ED98874B-049B-4D9E-936F-36D29D58BF61}.Release|Any CPU.Build.0 = Release|Any CPU
		{ED98874B-049B-4D9E-936F-36D29D58BF61}.Release|x64.ActiveCfg = Release|Any CPU
		{ED98874B-049B-4D9E-936F-36D29D58BF61}.Release|x64.Build.0 = Release|Any CPU
		{ED98874B-049B-4D9E-936F-36D29D58BF61}.Release|x86.ActiveCfg = Release|Any CPU
		{ED98874B-049B-4D9E-936F-36D29D58BF61}.Release|x86.Build.0 = Release|Any CPU
		{D41E50F2-1D56-493B-A28C-CBD6E8F3859D}.Debug|Any CPU.ActiveCfg = Debug|Any CPU
		{D41E50F2-1D56-493B-A28C-CBD6E8F3859D}.Debug|Any CPU.Build.0 = Debug|Any CPU
		{D41E50F2-1D56-493B-A28C-CBD6E8F3859D}.Debug|x64.ActiveCfg = Debug|Any CPU
		{D41E50F2-1D56-493B-A28C-CBD6E8F3859D}.Debug|x64.Build.0 = Debug|Any CPU
		{D41E50F2-1D56-493B-A28C-CBD6E8F3859D}.Debug|x86.ActiveCfg = Debug|Any CPU
		{D41E50F2-1D56-493B-A28C-CBD6E8F3859D}.Debug|x86.Build.0 = Debug|Any CPU
		{D41E50F2-1D56-493B-A28C-CBD6E8F3859D}.Release|Any CPU.ActiveCfg = Release|Any CPU
		{D41E50F2-1D56-493B-A28C-CBD6E8F3859D}.Release|Any CPU.Build.0 = Release|Any CPU
		{D41E50F2-1D56-493B-A28C-CBD6E8F3859D}.Release|x64.ActiveCfg = Release|Any CPU
		{D41E50F2-1D56-493B-A28C-CBD6E8F3859D}.Release|x64.Build.0 = Release|Any CPU
		{D41E50F2-1D56-493B-A28C-CBD6E8F3859D}.Release|x86.ActiveCfg = Release|Any CPU
		{D41E50F2-1D56-493B-A28C-CBD6E8F3859D}.Release|x86.Build.0 = Release|Any CPU
		{4315D435-22ED-4BC3-B5F4-19BC2B686E2F}.Debug|Any CPU.ActiveCfg = Debug|Any CPU
		{4315D435-22ED-4BC3-B5F4-19BC2B686E2F}.Debug|Any CPU.Build.0 = Debug|Any CPU
		{4315D435-22ED-4BC3-B5F4-19BC2B686E2F}.Debug|x64.ActiveCfg = Debug|Any CPU
		{4315D435-22ED-4BC3-B5F4-19BC2B686E2F}.Debug|x64.Build.0 = Debug|Any CPU
		{4315D435-22ED-4BC3-B5F4-19BC2B686E2F}.Debug|x86.ActiveCfg = Debug|Any CPU
		{4315D435-22ED-4BC3-B5F4-19BC2B686E2F}.Debug|x86.Build.0 = Debug|Any CPU
		{4315D435-22ED-4BC3-B5F4-19BC2B686E2F}.Release|Any CPU.ActiveCfg = Release|Any CPU
		{4315D435-22ED-4BC3-B5F4-19BC2B686E2F}.Release|Any CPU.Build.0 = Release|Any CPU
		{4315D435-22ED-4BC3-B5F4-19BC2B686E2F}.Release|x64.ActiveCfg = Release|Any CPU
		{4315D435-22ED-4BC3-B5F4-19BC2B686E2F}.Release|x64.Build.0 = Release|Any CPU
		{4315D435-22ED-4BC3-B5F4-19BC2B686E2F}.Release|x86.ActiveCfg = Release|Any CPU
		{4315D435-22ED-4BC3-B5F4-19BC2B686E2F}.Release|x86.Build.0 = Release|Any CPU
		{3D84477D-E3C4-4DEE-8B4F-C80ADD3036B0}.Debug|Any CPU.ActiveCfg = Debug|Any CPU
		{3D84477D-E3C4-4DEE-8B4F-C80ADD3036B0}.Debug|Any CPU.Build.0 = Debug|Any CPU
		{3D84477D-E3C4-4DEE-8B4F-C80ADD3036B0}.Debug|x64.ActiveCfg = Debug|Any CPU
		{3D84477D-E3C4-4DEE-8B4F-C80ADD3036B0}.Debug|x64.Build.0 = Debug|Any CPU
		{3D84477D-E3C4-4DEE-8B4F-C80ADD3036B0}.Debug|x86.ActiveCfg = Debug|Any CPU
		{3D84477D-E3C4-4DEE-8B4F-C80ADD3036B0}.Debug|x86.Build.0 = Debug|Any CPU
		{3D84477D-E3C4-4DEE-8B4F-C80ADD3036B0}.Release|Any CPU.ActiveCfg = Release|Any CPU
		{3D84477D-E3C4-4DEE-8B4F-C80ADD3036B0}.Release|Any CPU.Build.0 = Release|Any CPU
		{3D84477D-E3C4-4DEE-8B4F-C80ADD3036B0}.Release|x64.ActiveCfg = Release|Any CPU
		{3D84477D-E3C4-4DEE-8B4F-C80ADD3036B0}.Release|x64.Build.0 = Release|Any CPU
		{3D84477D-E3C4-4DEE-8B4F-C80ADD3036B0}.Release|x86.ActiveCfg = Release|Any CPU
		{3D84477D-E3C4-4DEE-8B4F-C80ADD3036B0}.Release|x86.Build.0 = Release|Any CPU
		{D1AD8B95-54D5-452B-B885-11373E00F529}.Debug|Any CPU.ActiveCfg = Debug|Any CPU
		{D1AD8B95-54D5-452B-B885-11373E00F529}.Debug|Any CPU.Build.0 = Debug|Any CPU
		{D1AD8B95-54D5-452B-B885-11373E00F529}.Debug|x64.ActiveCfg = Debug|Any CPU
		{D1AD8B95-54D5-452B-B885-11373E00F529}.Debug|x64.Build.0 = Debug|Any CPU
		{D1AD8B95-54D5-452B-B885-11373E00F529}.Debug|x86.ActiveCfg = Debug|Any CPU
		{D1AD8B95-54D5-452B-B885-11373E00F529}.Debug|x86.Build.0 = Debug|Any CPU
		{D1AD8B95-54D5-452B-B885-11373E00F529}.Release|Any CPU.ActiveCfg = Release|Any CPU
		{D1AD8B95-54D5-452B-B885-11373E00F529}.Release|Any CPU.Build.0 = Release|Any CPU
		{D1AD8B95-54D5-452B-B885-11373E00F529}.Release|x64.ActiveCfg = Release|Any CPU
		{D1AD8B95-54D5-452B-B885-11373E00F529}.Release|x64.Build.0 = Release|Any CPU
		{D1AD8B95-54D5-452B-B885-11373E00F529}.Release|x86.ActiveCfg = Release|Any CPU
		{D1AD8B95-54D5-452B-B885-11373E00F529}.Release|x86.Build.0 = Release|Any CPU
		{9B92540F-4EE2-492E-B4F8-CD22DCCC92E7}.Debug|Any CPU.ActiveCfg = Debug|Any CPU
		{9B92540F-4EE2-492E-B4F8-CD22DCCC92E7}.Debug|Any CPU.Build.0 = Debug|Any CPU
		{9B92540F-4EE2-492E-B4F8-CD22DCCC92E7}.Debug|x64.ActiveCfg = Debug|Any CPU
		{9B92540F-4EE2-492E-B4F8-CD22DCCC92E7}.Debug|x64.Build.0 = Debug|Any CPU
		{9B92540F-4EE2-492E-B4F8-CD22DCCC92E7}.Debug|x86.ActiveCfg = Debug|Any CPU
		{9B92540F-4EE2-492E-B4F8-CD22DCCC92E7}.Debug|x86.Build.0 = Debug|Any CPU
		{9B92540F-4EE2-492E-B4F8-CD22DCCC92E7}.Release|Any CPU.ActiveCfg = Release|Any CPU
		{9B92540F-4EE2-492E-B4F8-CD22DCCC92E7}.Release|Any CPU.Build.0 = Release|Any CPU
		{9B92540F-4EE2-492E-B4F8-CD22DCCC92E7}.Release|x64.ActiveCfg = Release|Any CPU
		{9B92540F-4EE2-492E-B4F8-CD22DCCC92E7}.Release|x64.Build.0 = Release|Any CPU
		{9B92540F-4EE2-492E-B4F8-CD22DCCC92E7}.Release|x86.ActiveCfg = Release|Any CPU
		{9B92540F-4EE2-492E-B4F8-CD22DCCC92E7}.Release|x86.Build.0 = Release|Any CPU
		{F6C16CC6-17F4-4093-8E32-E8FFAC5AD3F1}.Debug|Any CPU.ActiveCfg = Debug|Any CPU
		{F6C16CC6-17F4-4093-8E32-E8FFAC5AD3F1}.Debug|Any CPU.Build.0 = Debug|Any CPU
		{F6C16CC6-17F4-4093-8E32-E8FFAC5AD3F1}.Debug|x64.ActiveCfg = Debug|Any CPU
		{F6C16CC6-17F4-4093-8E32-E8FFAC5AD3F1}.Debug|x64.Build.0 = Debug|Any CPU
		{F6C16CC6-17F4-4093-8E32-E8FFAC5AD3F1}.Debug|x86.ActiveCfg = Debug|Any CPU
		{F6C16CC6-17F4-4093-8E32-E8FFAC5AD3F1}.Debug|x86.Build.0 = Debug|Any CPU
		{F6C16CC6-17F4-4093-8E32-E8FFAC5AD3F1}.Release|Any CPU.ActiveCfg = Release|Any CPU
		{F6C16CC6-17F4-4093-8E32-E8FFAC5AD3F1}.Release|Any CPU.Build.0 = Release|Any CPU
		{F6C16CC6-17F4-4093-8E32-E8FFAC5AD3F1}.Release|x64.ActiveCfg = Release|Any CPU
		{F6C16CC6-17F4-4093-8E32-E8FFAC5AD3F1}.Release|x64.Build.0 = Release|Any CPU
		{F6C16CC6-17F4-4093-8E32-E8FFAC5AD3F1}.Release|x86.ActiveCfg = Release|Any CPU
		{F6C16CC6-17F4-4093-8E32-E8FFAC5AD3F1}.Release|x86.Build.0 = Release|Any CPU
	EndGlobalSection
	GlobalSection(SolutionProperties) = preSolution
		HideSolutionNode = FALSE
	EndGlobalSection
	GlobalSection(NestedProjects) = preSolution
		{C9C7EB82-5ABF-D919-D18E-045D40059E2A} = {432E254A-C50C-B701-E8EF-9BE0DEA9CE26}
		{ED98874B-049B-4D9E-936F-36D29D58BF61} = {C9C7EB82-5ABF-D919-D18E-045D40059E2A}
		{97A50395-3227-D4AE-BB37-78C06DA183DC} = {665C8DCB-9509-2301-C01E-495FDF1B2A92}
		{D41E50F2-1D56-493B-A28C-CBD6E8F3859D} = {97A50395-3227-D4AE-BB37-78C06DA183DC}
		{F4E8E230-9CB4-FE63-3A7B-CD95CB034E5F} = {81516B02-DD64-5BD0-5EC8-FEA5190F4EFA}
		{4315D435-22ED-4BC3-B5F4-19BC2B686E2F} = {F4E8E230-9CB4-FE63-3A7B-CD95CB034E5F}
		{86F6229C-F5E3-F28D-DB15-5286C3887230} = {A2BE3F7C-961A-F6E2-C745-C7D8AEE6B919}
		{3D84477D-E3C4-4DEE-8B4F-C80ADD3036B0} = {86F6229C-F5E3-F28D-DB15-5286C3887230}
		{4E351690-D4C3-311C-1C14-8BE21BE3CFA5} = {29D78DFB-3E1E-3EAD-2FE6-30ADB91BB357}
		{D1AD8B95-54D5-452B-B885-11373E00F529} = {4E351690-D4C3-311C-1C14-8BE21BE3CFA5}
		{F20C5985-6142-C7AD-4409-60433D07C149} = {DC2A485B-16DB-85E8-7B26-61E6AA58B6DD}
		{9B92540F-4EE2-492E-B4F8-CD22DCCC92E7} = {F20C5985-6142-C7AD-4409-60433D07C149}
		{13824527-4139-2932-D72B-8CFC07A0F844} = {26149CBD-BC72-B485-7845-8F04734E0F73}
		{F6C16CC6-17F4-4093-8E32-E8FFAC5AD3F1} = {13824527-4139-2932-D72B-8CFC07A0F844}
	EndGlobalSection
EndGlobal
