
Microsoft Visual Studio Solution File, Format Version 12.00
# Visual Studio Version 17
VisualStudioVersion = 17.0.31903.59
MinimumVisualStudioVersion = 10.0.40219.1
Project("{2150E333-8FDC-42A3-9474-1A3956D46DE8}") = "Day01-Setup-And-Tooling", "Day01-Setup-And-Tooling", "{3D913F7A-2D58-5127-A2D9-D353019BE3ED}"
EndProject
Project("{2150E333-8FDC-42A3-9474-1A3956D46DE8}") = "Day01-Complete", "Day01-Complete", "{B257FC77-C575-7E9A-9E66-0233D16BAECA}"
EndProject
Project("{FAE04EC0-301F-11D3-BF4B-00C04F79EFBC}") = "Day01.Complete", "Day01-Setup-And-Tooling\Day01-Complete\Day01.Complete.csproj", "{4995F88C-93D8-4716-B9CE-61DA7925F9FF}"
EndProject
Project("{2150E333-8FDC-42A3-9474-1A3956D46DE8}") = "Day02-Types-And-Variables", "Day02-Types-And-Variables", "{01131AE1-ADBB-6792-0589-83545FEE1D29}"
EndProject
Project("{2150E333-8FDC-42A3-9474-1A3956D46DE8}") = "Day02-Complete", "Day02-Complete", "{ADCFC2A6-BD24-AD25-049D-83FCA83852D7}"
EndProject
Project("{FAE04EC0-301F-11D3-BF4B-00C04F79EFBC}") = "Day02.Complete", "Day02-Types-And-Variables\Day02-Complete\Day02.Complete.csproj", "{F2BFCC9F-1A70-479C-8F3C-26477E610663}"
EndProject
Project("{2150E333-8FDC-42A3-9474-1A3956D46DE8}") = "Day03-Control-Flow", "Day03-Control-Flow", "{7DF4212E-F078-5882-7A8D-7B00015C69E5}"
EndProject
Project("{2150E333-8FDC-42A3-9474-1A3956D46DE8}") = "Day03-Complete", "Day03-Complete", "{A42B57BB-FCD3-7D45-C0E3-00275DC8586C}"
EndProject
Project("{FAE04EC0-301F-11D3-BF4B-00C04F79EFBC}") = "Day03.Complete", "Day03-Control-Flow\Day03-Complete\Day03.Complete.csproj", "{46E80C01-BEAB-4862-8A99-1E7417378F23}"
EndProject
Project("{2150E333-8FDC-42A3-9474-1A3956D46DE8}") = "Day04-Collections", "Day04-Collections", "{3D305517-1E4A-8F1D-2424-D1C5696D26B2}"
EndProject
Project("{2150E333-8FDC-42A3-9474-1A3956D46DE8}") = "Day04-Complete", "Day04-Complete", "{E1F416E4-7936-BB3C-A309-3C3DDC8FE560}"
EndProject
Project("{FAE04EC0-301F-11D3-BF4B-00C04F79EFBC}") = "Day04.Complete", "Day04-Collections\Day04-Complete\Day04.Complete.csproj", "{BE900DC5-0A69-4AE5-A309-676303B03891}"
EndProject
Project("{2150E333-8FDC-42A3-9474-1A3956D46DE8}") = "Day05-Methods-And-Parameters", "Day05-Methods-And-Parameters", "{69615F9B-757D-2412-609B-A0DD21BDD043}"
EndProject
Project("{2150E333-8FDC-42A3-9474-1A3956D46DE8}") = "Day05-Complete", "Day05-Complete", "{71CAA1C2-A51F-3BD7-1918-BB605F043F47}"
EndProject
Project("{FAE04EC0-301F-11D3-BF4B-00C04F79EFBC}") = "Day05.Complete", "Day05-Methods-And-Parameters\Day05-Complete\Day05.Complete.csproj", "{9D1FDFFB-C0E2-416B-87F0-175E7E91137E}"
EndProject
Project("{2150E333-8FDC-42A3-9474-1A3956D46DE8}") = "Day06-LINQ-Fundamentals", "Day06-LINQ-Fundamentals", "{904A7068-E054-6BEE-35C3-D34820A1765D}"
EndProject
Project("{2150E333-8FDC-42A3-9474-1A3956D46DE8}") = "Day06-Complete", "Day06-Complete", "{58C5CC3A-1674-F911-EB77-08E4FA8E3357}"
EndProject
Project("{FAE04EC0-301F-11D3-BF4B-00C04F79EFBC}") = "Day06.Complete", "Day06-LINQ-Fundamentals\Day06-Complete\Day06.Complete.csproj", "{28D63CC6-65A3-4595-A95C-32186CEC543C}"
EndProject
Project("{2150E333-8FDC-42A3-9474-1A3956D46DE8}") = "Day07-Mini-Console-Project", "Day07-Mini-Console-Project", "{FADA8A30-1E12-CC7C-4ACF-A7FE8E59D6F9}"
EndProject
Project("{2150E333-8FDC-42A3-9474-1A3956D46DE8}") = "Day07-Complete", "Day07-Complete", "{7844A49B-17B8-B173-45CF-FDEC8375443C}"
EndProject
Project("{FAE04EC0-301F-11D3-BF4B-00C04F79EFBC}") = "Day07.Complete", "Day07-Mini-Console-Project\Day07-Complete\Day07.Complete.csproj", "{17B22CC7-E8FF-4F9F-9103-2CCA604CD685}"
EndProject
Global
	GlobalSection(SolutionConfigurationPlatforms) = preSolution
		Debug|Any CPU = Debug|Any CPU
		Debug|x64 = Debug|x64
		Debug|x86 = Debug|x86
		Release|Any CPU = Release|Any CPU
		Release|x64 = Release|x64
		Release|x86 = Release|x86
	EndGlobalSection
	GlobalSection(ProjectConfigurationPlatforms) = postSolution
		{4995F88C-93D8-4716-B9CE-61DA7925F9FF}.Debug|Any CPU.ActiveCfg = Debug|Any CPU
		{4995F88C-93D8-4716-B9CE-61DA7925F9FF}.Debug|Any CPU.Build.0 = Debug|Any CPU
		{4995F88C-93D8-4716-B9CE-61DA7925F9FF}.Debug|x64.ActiveCfg = Debug|Any CPU
		{4995F88C-93D8-4716-B9CE-61DA7925F9FF}.Debug|x64.Build.0 = Debug|Any CPU
		{4995F88C-93D8-4716-B9CE-61DA7925F9FF}.Debug|x86.ActiveCfg = Debug|Any CPU
		{4995F88C-93D8-4716-B9CE-61DA7925F9FF}.Debug|x86.Build.0 = Debug|Any CPU
		{4995F88C-93D8-4716-B9CE-61DA7925F9FF}.Release|Any CPU.ActiveCfg = Release|Any CPU
		{4995F88C-93D8-4716-B9CE-61DA7925F9FF}.Release|Any CPU.Build.0 = Release|Any CPU
		{4995F88C-93D8-4716-B9CE-61DA7925F9FF}.Release|x64.ActiveCfg = Release|Any CPU
		{4995F88C-93D8-4716-B9CE-61DA7925F9FF}.Release|x64.Build.0 = Release|Any CPU
		{4995F88C-93D8-4716-B9CE-61DA7925F9FF}.Release|x86.ActiveCfg = Release|Any CPU
		{4995F88C-93D8-4716-B9CE-61DA7925F9FF}.Release|x86.Build.0 = Release|Any CPU
		{F2BFCC9F-1A70-479C-8F3C-26477E610663}.Debug|Any CPU.ActiveCfg = Debug|Any CPU
		{F2BFCC9F-1A70-479C-8F3C-26477E610663}.Debug|Any CPU.Build.0 = Debug|Any CPU
		{F2BFCC9F-1A70-479C-8F3C-26477E610663}.Debug|x64.ActiveCfg = Debug|Any CPU
		{F2BFCC9F-1A70-479C-8F3C-26477E610663}.Debug|x64.Build.0 = Debug|Any CPU
		{F2BFCC9F-1A70-479C-8F3C-26477E610663}.Debug|x86.ActiveCfg = Debug|Any CPU
		{F2BFCC9F-1A70-479C-8F3C-26477E610663}.Debug|x86.Build.0 = Debug|Any CPU
		{F2BFCC9F-1A70-479C-8F3C-26477E610663}.Release|Any CPU.ActiveCfg = Release|Any CPU
		{F2BFCC9F-1A70-479C-8F3C-26477E610663}.Release|Any CPU.Build.0 = Release|Any CPU
		{F2BFCC9F-1A70-479C-8F3C-26477E610663}.Release|x64.ActiveCfg = Release|Any CPU
		{F2BFCC9F-1A70-479C-8F3C-26477E610663}.Release|x64.Build.0 = Release|Any CPU
		{F2BFCC9F-1A70-479C-8F3C-26477E610663}.Release|x86.ActiveCfg = Release|Any CPU
		{F2BFCC9F-1A70-479C-8F3C-26477E610663}.Release|x86.Build.0 = Release|Any CPU
		{46E80C01-BEAB-4862-8A99-1E7417378F23}.Debug|Any CPU.ActiveCfg = Debug|Any CPU
		{46E80C01-BEAB-4862-8A99-1E7417378F23}.Debug|Any CPU.Build.0 = Debug|Any CPU
		{46E80C01-BEAB-4862-8A99-1E7417378F23}.Debug|x64.ActiveCfg = Debug|Any CPU
		{46E80C01-BEAB-4862-8A99-1E7417378F23}.Debug|x64.Build.0 = Debug|Any CPU
		{46E80C01-BEAB-4862-8A99-1E7417378F23}.Debug|x86.ActiveCfg = Debug|Any CPU
		{46E80C01-BEAB-4862-8A99-1E7417378F23}.Debug|x86.Build.0 = Debug|Any CPU
		{46E80C01-BEAB-4862-8A99-1E7417378F23}.Release|Any CPU.ActiveCfg = Release|Any CPU
		{46E80C01-BEAB-4862-8A99-1E7417378F23}.Release|Any CPU.Build.0 = Release|Any CPU
		{46E80C01-BEAB-4862-8A99-1E7417378F23}.Release|x64.ActiveCfg = Release|Any CPU
		{46E80C01-BEAB-4862-8A99-1E7417378F23}.Release|x64.Build.0 = Release|Any CPU
		{46E80C01-BEAB-4862-8A99-1E7417378F23}.Release|x86.ActiveCfg = Release|Any CPU
		{46E80C01-BEAB-4862-8A99-1E7417378F23}.Release|x86.Build.0 = Release|Any CPU
		{BE900DC5-0A69-4AE5-A309-676303B03891}.Debug|Any CPU.ActiveCfg = Debug|Any CPU
		{BE900DC5-0A69-4AE5-A309-676303B03891}.Debug|Any CPU.Build.0 = Debug|Any CPU
		{BE900DC5-0A69-4AE5-A309-676303B03891}.Debug|x64.ActiveCfg = Debug|Any CPU
		{BE900DC5-0A69-4AE5-A309-676303B03891}.Debug|x64.Build.0 = Debug|Any CPU
		{BE900DC5-0A69-4AE5-A309-676303B03891}.Debug|x86.ActiveCfg = Debug|Any CPU
		{BE900DC5-0A69-4AE5-A309-676303B03891}.Debug|x86.Build.0 = Debug|Any CPU
		{BE900DC5-0A69-4AE5-A309-676303B03891}.Release|Any CPU.ActiveCfg = Release|Any CPU
		{BE900DC5-0A69-4AE5-A309-676303B03891}.Release|Any CPU.Build.0 = Release|Any CPU
		{BE900DC5-0A69-4AE5-A309-676303B03891}.Release|x64.ActiveCfg = Release|Any CPU
		{BE900DC5-0A69-4AE5-A309-676303B03891}.Release|x64.Build.0 = Release|Any CPU
		{BE900DC5-0A69-4AE5-A309-676303B03891}.Release|x86.ActiveCfg = Release|Any CPU
		{BE900DC5-0A69-4AE5-A309-676303B03891}.Release|x86.Build.0 = Release|Any CPU
		{9D1FDFFB-C0E2-416B-87F0-175E7E91137E}.Debug|Any CPU.ActiveCfg = Debug|Any CPU
		{9D1FDFFB-C0E2-416B-87F0-175E7E91137E}.Debug|Any CPU.Build.0 = Debug|Any CPU
		{9D1FDFFB-C0E2-416B-87F0-175E7E91137E}.Debug|x64.ActiveCfg = Debug|Any CPU
		{9D1FDFFB-C0E2-416B-87F0-175E7E91137E}.Debug|x64.Build.0 = Debug|Any CPU
		{9D1FDFFB-C0E2-416B-87F0-175E7E91137E}.Debug|x86.ActiveCfg = Debug|Any CPU
		{9D1FDFFB-C0E2-416B-87F0-175E7E91137E}.Debug|x86.Build.0 = Debug|Any CPU
		{9D1FDFFB-C0E2-416B-87F0-175E7E91137E}.Release|Any CPU.ActiveCfg = Release|Any CPU
		{9D1FDFFB-C0E2-416B-87F0-175E7E91137E}.Release|Any CPU.Build.0 = Release|Any CPU
		{9D1FDFFB-C0E2-416B-87F0-175E7E91137E}.Release|x64.ActiveCfg = Release|Any CPU
		{9D1FDFFB-C0E2-416B-87F0-175E7E91137E}.Release|x64.Build.0 = Release|Any CPU
		{9D1FDFFB-C0E2-416B-87F0-175E7E91137E}.Release|x86.ActiveCfg = Release|Any CPU
		{9D1FDFFB-C0E2-416B-87F0-175E7E91137E}.Release|x86.Build.0 = Release|Any CPU
		{28D63CC6-65A3-4595-A95C-32186CEC543C}.Debug|Any CPU.ActiveCfg = Debug|Any CPU
		{28D63CC6-65A3-4595-A95C-32186CEC543C}.Debug|Any CPU.Build.0 = Debug|Any CPU
		{28D63CC6-65A3-4595-A95C-32186CEC543C}.Debug|x64.ActiveCfg = Debug|Any CPU
		{28D63CC6-65A3-4595-A95C-32186CEC543C}.Debug|x64.Build.0 = Debug|Any CPU
		{28D63CC6-65A3-4595-A95C-32186CEC543C}.Debug|x86.ActiveCfg = Debug|Any CPU
		{28D63CC6-65A3-4595-A95C-32186CEC543C}.Debug|x86.Build.0 = Debug|Any CPU
		{28D63CC6-65A3-4595-A95C-32186CEC543C}.Release|Any CPU.ActiveCfg = Release|Any CPU
		{28D63CC6-65A3-4595-A95C-32186CEC543C}.Release|Any CPU.Build.0 = Release|Any CPU
		{28D63CC6-65A3-4595-A95C-32186CEC543C}.Release|x64.ActiveCfg = Release|Any CPU
		{28D63CC6-65A3-4595-A95C-32186CEC543C}.Release|x64.Build.0 = Release|Any CPU
		{28D63CC6-65A3-4595-A95C-32186CEC543C}.Release|x86.ActiveCfg = Release|Any CPU
		{28D63CC6-65A3-4595-A95C-32186CEC543C}.Release|x86.Build.0 = Release|Any CPU
		{17B22CC7-E8FF-4F9F-9103-2CCA604CD685}.Debug|Any CPU.ActiveCfg = Debug|Any CPU
		{17B22CC7-E8FF-4F9F-9103-2CCA604CD685}.Debug|Any CPU.Build.0 = Debug|Any CPU
		{17B22CC7-E8FF-4F9F-9103-2CCA604CD685}.Debug|x64.ActiveCfg = Debug|Any CPU
		{17B22CC7-E8FF-4F9F-9103-2CCA604CD685}.Debug|x64.Build.0 = Debug|Any CPU
		{17B22CC7-E8FF-4F9F-9103-2CCA604CD685}.Debug|x86.ActiveCfg = Debug|Any CPU
		{17B22CC7-E8FF-4F9F-9103-2CCA604CD685}.Debug|x86.Build.0 = Debug|Any CPU
		{17B22CC7-E8FF-4F9F-9103-2CCA604CD685}.Release|Any CPU.ActiveCfg = Release|Any CPU
		{17B22CC7-E8FF-4F9F-9103-2CCA604CD685}.Release|Any CPU.Build.0 = Release|Any CPU
		{17B22CC7-E8FF-4F9F-9103-2CCA604CD685}.Release|x64.ActiveCfg = Release|Any CPU
		{17B22CC7-E8FF-4F9F-9103-2CCA604CD685}.Release|x64.Build.0 = Release|Any CPU
		{17B22CC7-E8FF-4F9F-9103-2CCA604CD685}.Release|x86.ActiveCfg = Release|Any CPU
		{17B22CC7-E8FF-4F9F-9103-2CCA604CD685}.Release|x86.Build.0 = Release|Any CPU
	EndGlobalSection
	GlobalSection(SolutionProperties) = preSolution
		HideSolutionNode = FALSE
	EndGlobalSection
	GlobalSection(NestedProjects) = preSolution
		{B257FC77-C575-7E9A-9E66-0233D16BAECA} = {3D913F7A-2D58-5127-A2D9-D353019BE3ED}
		{4995F88C-93D8-4716-B9CE-61DA7925F9FF} = {B257FC77-C575-7E9A-9E66-0233D16BAECA}
		{ADCFC2A6-BD24-AD25-049D-83FCA83852D7} = {01131AE1-ADBB-6792-0589-83545FEE1D29}
		{F2BFCC9F-1A70-479C-8F3C-26477E610663} = {ADCFC2A6-BD24-AD25-049D-83FCA83852D7}
		{A42B57BB-FCD3-7D45-C0E3-00275DC8586C} = {7DF4212E-F078-5882-7A8D-7B00015C69E5}
		{46E80C01-BEAB-4862-8A99-1E7417378F23} = {A42B57BB-FCD3-7D45-C0E3-00275DC8586C}
		{E1F416E4-7936-BB3C-A309-3C3DDC8FE560} = {3D305517-1E4A-8F1D-2424-D1C5696D26B2}
		{BE900DC5-0A69-4AE5-A309-676303B03891} = {E1F416E4-7936-BB3C-A309-3C3DDC8FE560}
		{71CAA1C2-A51F-3BD7-1918-BB605F043F47} = {69615F9B-757D-2412-609B-A0DD21BDD043}
		{9D1FDFFB-C0E2-416B-87F0-175E7E91137E} = {71CAA1C2-A51F-3BD7-1918-BB605F043F47}
		{58C5CC3A-1674-F911-EB77-08E4FA8E3357} = {904A7068-E054-6BEE-35C3-D34820A1765D}
		{28D63CC6-65A3-4595-A95C-32186CEC543C} = {58C5CC3A-1674-F911-EB77-08E4FA8E3357}
		{7844A49B-17B8-B173-45CF-FDEC8375443C} = {FADA8A30-1E12-CC7C-4ACF-A7FE8E59D6F9}
		{17B22CC7-E8FF-4F9F-9103-2CCA604CD685} = {7844A49B-17B8-B173-45CF-FDEC8375443C}
	EndGlobalSection
EndGlobal
