
Microsoft Visual Studio Solution File, Format Version 12.00
# Visual Studio Version 17
VisualStudioVersion = 17.0.31903.59
MinimumVisualStudioVersion = 10.0.40219.1
Project("{2150E333-8FDC-42A3-9474-1A3956D46DE8}") = "Day15-Dependency-Injection", "Day15-Dependency-Injection", "{F489BF58-EE8A-62F0-2618-480517182A6B}"
EndProject
Project("{2150E333-8FDC-42A3-9474-1A3956D46DE8}") = "Day15-Complete", "Day15-Complete", "{675AED05-440F-E6A5-FF15-56C2BD03329C}"
EndProject
Project("{FAE04EC0-301F-11D3-BF4B-00C04F79EFBC}") = "Day15.Complete", "Day15-Dependency-Injection\Day15-Complete\Day15.Complete.csproj", "{1A135B2C-E927-4AB7-9492-C16C27D919D0}"
EndProject
Project("{2150E333-8FDC-42A3-9474-1A3956D46DE8}") = "Day16-Options-Pattern-And-Config", "Day16-Options-Pattern-And-Config", "{27E9BC56-17F6-2CEA-3B36-57F467CFAE05}"
EndProject
Project("{2150E333-8FDC-42A3-9474-1A3956D46DE8}") = "Day16-Complete", "Day16-Complete", "{E33841D2-DF07-3953-3FA2-16502D74C4FE}"
EndProject
Project("{FAE04EC0-301F-11D3-BF4B-00C04F79EFBC}") = "Day16.Complete", "Day16-Options-Pattern-And-Config\Day16-Complete\Day16.Complete.csproj", "{C141A379-9A2D-4C1F-B58C-C0E10DDFF02C}"
EndProject
Project("{2150E333-8FDC-42A3-9474-1A3956D46DE8}") = "Day17-Logging", "Day17-Logging", "{65E1C2A1-E11B-81E1-8919-ADCEA46C8D94}"
EndProject
Project("{2150E333-8FDC-42A3-9474-1A3956D46DE8}") = "Day17-Complete", "Day17-Complete", "{8A68044D-1192-C88A-E18F-459B9573002D}"
EndProject
Project("{FAE04EC0-301F-11D3-BF4B-00C04F79EFBC}") = "Day17.Complete", "Day17-Logging\Day17-Complete\Day17.Complete.csproj", "{228C0997-97CE-4B4A-AADB-FD872872CD11}"
EndProject
Project("{2150E333-8FDC-42A3-9474-1A3956D46DE8}") = "Day18-HttpClient", "Day18-HttpClient", "{77EFC442-A2F7-77D8-C2BD-27497DB2016F}"
EndProject
Project("{2150E333-8FDC-42A3-9474-1A3956D46DE8}") = "Day18-Complete", "Day18-Complete", "{35D89C5E-B93D-605E-C86F-D8542B9C1C2D}"
EndProject
Project("{FAE04EC0-301F-11D3-BF4B-00C04F79EFBC}") = "Day18.Complete", "Day18-HttpClient\Day18-Complete\Day18.Complete.csproj", "{B2698D04-0677-4A82-9B1C-9BD2689FE834}"
EndProject
Project("{2150E333-8FDC-42A3-9474-1A3956D46DE8}") = "Day19-Clean-Architecture", "Day19-Clean-Architecture", "{CA915F35-D022-210C-8E33-EAABD1258480}"
EndProject
Project("{2150E333-8FDC-42A3-9474-1A3956D46DE8}") = "Day19-Complete", "Day19-Complete", "{9A97ADDB-13EA-1956-25F9-C671598C1AAC}"
EndProject
Project("{FAE04EC0-301F-11D3-BF4B-00C04F79EFBC}") = "Day19.Complete", "Day19-Clean-Architecture\Day19-Complete\Day19.Complete.csproj", "{A4D02C59-054B-4672-B943-FAE857EFB368}"
EndProject
Project("{2150E333-8FDC-42A3-9474-1A3956D46DE8}") = "Day20-Advanced-LINQ", "Day20-Advanced-LINQ", "{8135B1A7-AFE5-21BF-CB9F-2BFD153D66B9}"
EndProject
Project("{2150E333-8FDC-42A3-9474-1A3956D46DE8}") = "Day20-Complete", "Day20-Complete", "{7694CF7B-D513-46BB-06E1-AAAF1AD18268}"
EndProject
Project("{FAE04EC0-301F-11D3-BF4B-00C04F79EFBC}") = "Day20.Complete", "Day20-Advanced-LINQ\Day20-Complete\Day20.Complete.csproj", "{544DA3AD-4F2B-47E5-89F0-6B15E69640FD}"
EndProject
Project("{2150E333-8FDC-42A3-9474-1A3956D46DE8}") = "Day21-Mini-API-Project", "Day21-Mini-API-Project", "{C812610C-447B-6716-24FF-E9FC1B4EB8CF}"
EndProject
Project("{2150E333-8FDC-42A3-9474-1A3956D46DE8}") = "Day21-Complete", "Day21-Complete", "{91FBD51A-04AF-5E59-84A3-EE589B0D0DB0}"
EndProject
Project("{FAE04EC0-301F-11D3-BF4B-00C04F79EFBC}") = "Day21.Complete", "Day21-Mini-API-Project\Day21-Complete\Day21.Complete.csproj", "{3087FF96-2F78-4BB9-B3C8-77CD7DB34141}"
EndProject
Global
	GlobalSection(SolutionConfigurationPlatforms) = preSolution
		Debug|Any CPU = Debug|Any CPU
		Debug|x64 = Debug|x64
		Debug|x86 = Debug|x86
		Release|Any CPU = Release|Any CPU
		Release|x64 = Release|x64
		Release|x86 = Release|x86
	EndGlobalSection
	GlobalSection(ProjectConfigurationPlatforms) = postSolution
		{1A135B2C-E927-4AB7-9492-C16C27D919D0}.Debug|Any CPU.ActiveCfg = Debug|Any CPU
		{1A135B2C-E927-4AB7-9492-C16C27D919D0}.Debug|Any CPU.Build.0 = Debug|Any CPU
		{1A135B2C-E927-4AB7-9492-C16C27D919D0}.Debug|x64.ActiveCfg = Debug|Any CPU
		{1A135B2C-E927-4AB7-9492-C16C27D919D0}.Debug|x64.Build.0 = Debug|Any CPU
		{1A135B2C-E927-4AB7-9492-C16C27D919D0}.Debug|x86.ActiveCfg = Debug|Any CPU
		{1A135B2C-E927-4AB7-9492-C16C27D919D0}.Debug|x86.Build.0 = Debug|Any CPU
		{1A135B2C-E927-4AB7-9492-C16C27D919D0}.Release|Any CPU.ActiveCfg = Release|Any CPU
		{1A135B2C-E927-4AB7-9492-C16C27D919D0}.Release|Any CPU.Build.0 = Release|Any CPU
		{1A135B2C-E927-4AB7-9492-C16C27D919D0}.Release|x64.ActiveCfg = Release|Any CPU
		{1A135B2C-E927-4AB7-9492-C16C27D919D0}.Release|x64.Build.0 = Release|Any CPU
		{1A135B2C-E927-4AB7-9492-C16C27D919D0}.Release|x86.ActiveCfg = Release|Any CPU
		{1A135B2C-E927-4AB7-9492-C16C27D919D0}.Release|x86.Build.0 = Release|Any CPU
		{C141A379-9A2D-4C1F-B58C-C0E10DDFF02C}.Debug|Any CPU.ActiveCfg = Debug|Any CPU
		{C141A379-9A2D-4C1F-B58C-C0E10DDFF02C}.Debug|Any CPU.Build.0 = Debug|Any CPU
		{C141A379-9A2D-4C1F-B58C-C0E10DDFF02C}.Debug|x64.ActiveCfg = Debug|Any CPU
		{C141A379-9A2D-4C1F-B58C-C0E10DDFF02C}.Debug|x64.Build.0 = Debug|Any CPU
		{C141A379-9A2D-4C1F-B58C-C0E10DDFF02C}.Debug|x86.ActiveCfg = Debug|Any CPU
		{C141A379-9A2D-4C1F-B58C-C0E10DDFF02C}.Debug|x86.Build.0 = Debug|Any CPU
		{C141A379-9A2D-4C1F-B58C-C0E10DDFF02C}.Release|Any CPU.ActiveCfg = Release|Any CPU
		{C141A379-9A2D-4C1F-B58C-C0E10DDFF02C}.Release|Any CPU.Build.0 = Release|Any CPU
		{C141A379-9A2D-4C1F-B58C-C0E10DDFF02C}.Release|x64.ActiveCfg = Release|Any CPU
		{C141A379-9A2D-4C1F-B58C-C0E10DDFF02C}.Release|x64.Build.0 = Release|Any CPU
		{C141A379-9A2D-4C1F-B58C-C0E10DDFF02C}.Release|x86.ActiveCfg = Release|Any CPU
		{C141A379-9A2D-4C1F-B58C-C0E10DDFF02C}.Release|x86.Build.0 = Release|Any CPU
		{228C0997-97CE-4B4A-AADB-FD872872CD11}.Debug|Any CPU.ActiveCfg = Debug|Any CPU
		{228C0997-97CE-4B4A-AADB-FD872872CD11}.Debug|Any CPU.Build.0 = Debug|Any CPU
		{228C0997-97CE-4B4A-AADB-FD872872CD11}.Debug|x64.ActiveCfg = Debug|Any CPU
		{228C0997-97CE-4B4A-AADB-FD872872CD11}.Debug|x64.Build.0 = Debug|Any CPU
		{228C0997-97CE-4B4A-AADB-FD872872CD11}.Debug|x86.ActiveCfg = Debug|Any CPU
		{228C0997-97CE-4B4A-AADB-FD872872CD11}.Debug|x86.Build.0 = Debug|Any CPU
		{228C0997-97CE-4B4A-AADB-FD872872CD11}.Release|Any CPU.ActiveCfg = Release|Any CPU
		{228C0997-97CE-4B4A-AADB-FD872872CD11}.Release|Any CPU.Build.0 = Release|Any CPU
		{228C0997-97CE-4B4A-AADB-FD872872CD11}.Release|x64.ActiveCfg = Release|Any CPU
		{228C0997-97CE-4B4A-AADB-FD872872CD11}.Release|x64.Build.0 = Release|Any CPU
		{228C0997-97CE-4B4A-AADB-FD872872CD11}.Release|x86.ActiveCfg = Release|Any CPU
		{228C0997-97CE-4B4A-AADB-FD872872CD11}.Release|x86.Build.0 = Release|Any CPU
		{B2698D04-0677-4A82-9B1C-9BD2689FE834}.Debug|Any CPU.ActiveCfg = Debug|Any CPU
		{B2698D04-0677-4A82-9B1C-9BD2689FE834}.Debug|Any CPU.Build.0 = Debug|Any CPU
		{B2698D04-0677-4A82-9B1C-9BD2689FE834}.Debug|x64.ActiveCfg = Debug|Any CPU
		{B2698D04-0677-4A82-9B1C-9BD2689FE834}.Debug|x64.Build.0 = Debug|Any CPU
		{B2698D04-0677-4A82-9B1C-9BD2689FE834}.Debug|x86.ActiveCfg = Debug|Any CPU
		{B2698D04-0677-4A82-9B1C-9BD2689FE834}.Debug|x86.Build.0 = Debug|Any CPU
		{B2698D04-0677-4A82-9B1C-9BD2689FE834}.Release|Any CPU.ActiveCfg = Release|Any CPU
		{B2698D04-0677-4A82-9B1C-9BD2689FE834}.Release|Any CPU.Build.0 = Release|Any CPU
		{B2698D04-0677-4A82-9B1C-9BD2689FE834}.Release|x64.ActiveCfg = Release|Any CPU
		{B2698D04-0677-4A82-9B1C-9BD2689FE834}.Release|x64.Build.0 = Release|Any CPU
		{B2698D04-0677-4A82-9B1C-9BD2689FE834}.Release|x86.ActiveCfg = Release|Any CPU
		{B2698D04-0677-4A82-9B1C-9BD2689FE834}.Release|x86.Build.0 = Release|Any CPU
		{A4D02C59-054B-4672-B943-FAE857EFB368}.Debug|Any CPU.ActiveCfg = Debug|Any CPU
		{A4D02C59-054B-4672-B943-FAE857EFB368}.Debug|Any CPU.Build.0 = Debug|Any CPU
		{A4D02C59-054B-4672-B943-FAE857EFB368}.Debug|x64.ActiveCfg = Debug|Any CPU
		{A4D02C59-054B-4672-B943-FAE857EFB368}.Debug|x64.Build.0 = Debug|Any CPU
		{A4D02C59-054B-4672-B943-FAE857EFB368}.Debug|x86.ActiveCfg = Debug|Any CPU
		{A4D02C59-054B-4672-B943-FAE857EFB368}.Debug|x86.Build.0 = Debug|Any CPU
		{A4D02C59-054B-4672-B943-FAE857EFB368}.Release|Any CPU.ActiveCfg = Release|Any CPU
		{A4D02C59-054B-4672-B943-FAE857EFB368}.Release|Any CPU.Build.0 = Release|Any CPU
		{A4D02C59-054B-4672-B943-FAE857EFB368}.Release|x64.ActiveCfg = Release|Any CPU
		{A4D02C59-054B-4672-B943-FAE857EFB368}.Release|x64.Build.0 = Release|Any CPU
		{A4D02C59-054B-4672-B943-FAE857EFB368}.Release|x86.ActiveCfg = Release|Any CPU
		{A4D02C59-054B-4672-B943-FAE857EFB368}.Release|x86.Build.0 = Release|Any CPU
		{544DA3AD-4F2B-47E5-89F0-6B15E69640FD}.Debug|Any CPU.ActiveCfg = Debug|Any CPU
		{544DA3AD-4F2B-47E5-89F0-6B15E69640FD}.Debug|Any CPU.Build.0 = Debug|Any CPU
		{544DA3AD-4F2B-47E5-89F0-6B15E69640FD}.Debug|x64.ActiveCfg = Debug|Any CPU
		{544DA3AD-4F2B-47E5-89F0-6B15E69640FD}.Debug|x64.Build.0 = Debug|Any CPU
		{544DA3AD-4F2B-47E5-89F0-6B15E69640FD}.Debug|x86.ActiveCfg = Debug|Any CPU
		{544DA3AD-4F2B-47E5-89F0-6B15E69640FD}.Debug|x86.Build.0 = Debug|Any CPU
		{544DA3AD-4F2B-47E5-89F0-6B15E69640FD}.Release|Any CPU.ActiveCfg = Release|Any CPU
		{544DA3AD-4F2B-47E5-89F0-6B15E69640FD}.Release|Any CPU.Build.0 = Release|Any CPU
		{544DA3AD-4F2B-47E5-89F0-6B15E69640FD}.Release|x64.ActiveCfg = Release|Any CPU
		{544DA3AD-4F2B-47E5-89F0-6B15E69640FD}.Release|x64.Build.0 = Release|Any CPU
		{544DA3AD-4F2B-47E5-89F0-6B15E69640FD}.Release|x86.ActiveCfg = Release|Any CPU
		{544DA3AD-4F2B-47E5-89F0-6B15E69640FD}.Release|x86.Build.0 = Release|Any CPU
		{3087FF96-2F78-4BB9-B3C8-77CD7DB34141}.Debug|Any CPU.ActiveCfg = Debug|Any CPU
		{3087FF96-2F78-4BB9-B3C8-77CD7DB34141}.Debug|Any CPU.Build.0 = Debug|Any CPU
		{3087FF96-2F78-4BB9-B3C8-77CD7DB34141}.Debug|x64.ActiveCfg = Debug|Any CPU
		{3087FF96-2F78-4BB9-B3C8-77CD7DB34141}.Debug|x64.Build.0 = Debug|Any CPU
		{3087FF96-2F78-4BB9-B3C8-77CD7DB34141}.Debug|x86.ActiveCfg = Debug|Any CPU
		{3087FF96-2F78-4BB9-B3C8-77CD7DB34141}.Debug|x86.Build.0 = Debug|Any CPU
		{3087FF96-2F78-4BB9-B3C8-77CD7DB34141}.Release|Any CPU.ActiveCfg = Release|Any CPU
		{3087FF96-2F78-4BB9-B3C8-77CD7DB34141}.Release|Any CPU.Build.0 = Release|Any CPU
		{3087FF96-2F78-4BB9-B3C8-77CD7DB34141}.Release|x64.ActiveCfg = Release|Any CPU
		{3087FF96-2F78-4BB9-B3C8-77CD7DB34141}.Release|x64.Build.0 = Release|Any CPU
		{3087FF96-2F78-4BB9-B3C8-77CD7DB34141}.Release|x86.ActiveCfg = Release|Any CPU
		{3087FF96-2F78-4BB9-B3C8-77CD7DB34141}.Release|x86.Build.0 = Release|Any CPU
	EndGlobalSection
	GlobalSection(SolutionProperties) = preSolution
		HideSolutionNode = FALSE
	EndGlobalSection
	GlobalSection(NestedProjects) = preSolution
		{675AED05-440F-E6A5-FF15-56C2BD03329C} = {F489BF58-EE8A-62F0-2618-480517182A6B}
		{1A135B2C-E927-4AB7-9492-C16C27D919D0} = {675AED05-440F-E6A5-FF15-56C2BD03329C}
		{E33841D2-DF07-3953-3FA2-16502D74C4FE} = {27E9BC56-17F6-2CEA-3B36-57F467CFAE05}
		{C141A379-9A2D-4C1F-B58C-C0E10DDFF02C} = {E33841D2-DF07-3953-3FA2-16502D74C4FE}
		{8A68044D-1192-C88A-E18F-459B9573002D} = {65E1C2A1-E11B-81E1-8919-ADCEA46C8D94}
		{228C0997-97CE-4B4A-AADB-FD872872CD11} = {8A68044D-1192-C88A-E18F-459B9573002D}
		{35D89C5E-B93D-605E-C86F-D8542B9C1C2D} = {77EFC442-A2F7-77D8-C2BD-27497DB2016F}
		{B2698D04-0677-4A82-9B1C-9BD2689FE834} = {35D89C5E-B93D-605E-C86F-D8542B9C1C2D}
		{9A97ADDB-13EA-1956-25F9-C671598C1AAC} = {CA915F35-D022-210C-8E33-EAABD1258480}
		{A4D02C59-054B-4672-B943-FAE857EFB368} = {9A97ADDB-13EA-1956-25F9-C671598C1AAC}
		{7694CF7B-D513-46BB-06E1-AAAF1AD18268} = {8135B1A7-AFE5-21BF-CB9F-2BFD153D66B9}
		{544DA3AD-4F2B-47E5-89F0-6B15E69640FD} = {7694CF7B-D513-46BB-06E1-AAAF1AD18268}
		{91FBD51A-04AF-5E59-84A3-EE589B0D0DB0} = {C812610C-447B-6716-24FF-E9FC1B4EB8CF}
		{3087FF96-2F78-4BB9-B3C8-77CD7DB34141} = {91FBD51A-04AF-5E59-84A3-EE589B0D0DB0}
	EndGlobalSection
EndGlobal
