Microsoft Visual Studio Solution File, Format Version 12.00
# Visual Studio Version 17
VisualStudioVersion = 17.5.2.0
MinimumVisualStudioVersion = 10.0.40219.1
Project("{FAE04EC0-301F-11D3-BF4B-00C04F79EFBC}") = "Day01.Complete", "Day01.Complete.csproj", "{A7A998A4-1A97-46F3-45F9-6B2BFE1B6C60}"
EndProject
Global
	GlobalSection(SolutionConfigurationPlatforms) = preSolution
		Debug|Any CPU = Debug|Any CPU
		Release|Any CPU = Release|Any CPU
	EndGlobalSection
	GlobalSection(ProjectConfigurationPlatforms) = postSolution
		{A7A998A4-1A97-46F3-45F9-6B2BFE1B6C60}.Debug|Any CPU.ActiveCfg = Debug|Any CPU
		{A7A998A4-1A97-46F3-45F9-6B2BFE1B6C60}.Debug|Any CPU.Build.0 = Debug|Any CPU
		{A7A998A4-1A97-46F3-45F9-6B2BFE1B6C60}.Release|Any CPU.ActiveCfg = Release|Any CPU
		{A7A998A4-1A97-46F3-45F9-6B2BFE1B6C60}.Release|Any CPU.Build.0 = Release|Any CPU
	EndGlobalSection
	GlobalSection(SolutionProperties) = preSolution
		HideSolutionNode = FALSE
	EndGlobalSection
	GlobalSection(ExtensibilityGlobals) = postSolution
		SolutionGuid = {7691143C-CBB5-4C11-86EF-A50F7B659775}
	EndGlobalSection
EndGlobal
