Microsoft Visual Studio Solution File, Format Version 12.00
# Visual Studio Version 17
VisualStudioVersion = 17.5.2.0
MinimumVisualStudioVersion = 10.0.40219.1
Project("{FAE04EC0-301F-11D3-BF4B-00C04F79EFBC}") = "Day21-Complete", "Day21-Complete.csproj", "{2F97A2DA-AE90-7409-F615-1F096D438697}"
EndProject
Project("{FAE04EC0-301F-11D3-BF4B-00C04F79EFBC}") = "Day21.Complete", "Day21.Complete.csproj", "{D5FD1A53-6819-9C60-68D3-751ED327D9E7}"
EndProject
Global
	GlobalSection(SolutionConfigurationPlatforms) = preSolution
		Debug|Any CPU = Debug|Any CPU
		Release|Any CPU = Release|Any CPU
	EndGlobalSection
	GlobalSection(ProjectConfigurationPlatforms) = postSolution
		{2F97A2DA-AE90-7409-F615-1F096D438697}.Debug|Any CPU.ActiveCfg = Debug|Any CPU
		{2F97A2DA-AE90-7409-F615-1F096D438697}.Debug|Any CPU.Build.0 = Debug|Any CPU
		{2F97A2DA-AE90-7409-F615-1F096D438697}.Release|Any CPU.ActiveCfg = Release|Any CPU
		{2F97A2DA-AE90-7409-F615-1F096D438697}.Release|Any CPU.Build.0 = Release|Any CPU
		{D5FD1A53-6819-9C60-68D3-751ED327D9E7}.Debug|Any CPU.ActiveCfg = Debug|Any CPU
		{D5FD1A53-6819-9C60-68D3-751ED327D9E7}.Debug|Any CPU.Build.0 = Debug|Any CPU
		{D5FD1A53-6819-9C60-68D3-751ED327D9E7}.Release|Any CPU.ActiveCfg = Release|Any CPU
		{D5FD1A53-6819-9C60-68D3-751ED327D9E7}.Release|Any CPU.Build.0 = Release|Any CPU
	EndGlobalSection
	GlobalSection(SolutionProperties) = preSolution
		HideSolutionNode = FALSE
	EndGlobalSection
	GlobalSection(ExtensibilityGlobals) = postSolution
		SolutionGuid = {909CBAF4-F48F-486A-B20A-0C17A19691A5}
	EndGlobalSection
EndGlobal
